
Microsoft Visual Studio Solution File, Format Version 12.00
# Visual Studio 15
VisualStudioVersion = 15.0.28307.438
MinimumVisualStudioVersion = 10.0.40219.1
Project("{FAE04EC0-301F-11D3-BF4B-00C04F79EFBC}") = "SQLITE_CRUD.Android", "SQLITE_CRUD\SQLITE_CRUD.Android\SQLITE_CRUD.Android.csproj", "{27BB8177-711A-44DA-B17C-BF8A0E95A048}"
EndProject
Project("{FAE04EC0-301F-11D3-BF4B-00C04F79EFBC}") = "SQLITE_CRUD", "SQLITE_CRUD\SQLITE_CRUD\SQLITE_CRUD.csproj", "{A0D1ED04-E0C9-4480-8237-EE5C50D63CE6}"
EndProject
Global
	GlobalSection(SolutionConfigurationPlatforms) = preSolution
		Debug|Any CPU = Debug|Any CPU
		Release|Any CPU = Release|Any CPU
	EndGlobalSection
	GlobalSection(ProjectConfigurationPlatforms) = postSolution
		{27BB8177-711A-44DA-B17C-BF8A0E95A048}.Debug|Any CPU.ActiveCfg = Debug|Any CPU
		{27BB8177-711A-44DA-B17C-BF8A0E95A048}.Debug|Any CPU.Build.0 = Debug|Any CPU
		{27BB8177-711A-44DA-B17C-BF8A0E95A048}.Debug|Any CPU.Deploy.0 = Debug|Any CPU
		{27BB8177-711A-44DA-B17C-BF8A0E95A048}.Release|Any CPU.ActiveCfg = Release|Any CPU
		{27BB8177-711A-44DA-B17C-BF8A0E95A048}.Release|Any CPU.Build.0 = Release|Any CPU
		{27BB8177-711A-44DA-B17C-BF8A0E95A048}.Release|Any CPU.Deploy.0 = Release|Any CPU
		{A0D1ED04-E0C9-4480-8237-EE5C50D63CE6}.Debug|Any CPU.ActiveCfg = Debug|Any CPU
		{A0D1ED04-E0C9-4480-8237-EE5C50D63CE6}.Debug|Any CPU.Build.0 = Debug|Any CPU
		{A0D1ED04-E0C9-4480-8237-EE5C50D63CE6}.Debug|Any CPU.Deploy.0 = Debug|Any CPU
		{A0D1ED04-E0C9-4480-8237-EE5C50D63CE6}.Release|Any CPU.ActiveCfg = Release|Any CPU
		{A0D1ED04-E0C9-4480-8237-EE5C50D63CE6}.Release|Any CPU.Build.0 = Release|Any CPU
		{A0D1ED04-E0C9-4480-8237-EE5C50D63CE6}.Release|Any CPU.Deploy.0 = Release|Any CPU
	EndGlobalSection
	GlobalSection(SolutionProperties) = preSolution
		HideSolutionNode = FALSE
	EndGlobalSection
	GlobalSection(ExtensibilityGlobals) = postSolution
		SolutionGuid = {75E753B9-C5F0-43C3-97A9-4286DC61BB3F}
	EndGlobalSection
EndGlobal
